// !$*UTF8*$!
{
	archiveVersion = 1;
	classes = {
	};
	objectVersion = 50;
	objects = {

/* Begin PBXBuildFile section */
		040D46A6223B3F8C004F102B /* TreeNode.swift in Sources */ = {isa = PBXBuildFile; fileRef = 040D46A5223B3F8C004F102B /* TreeNode.swift */; };
		040D46A8223B41C5004F102B /* Traversal.swift in Sources */ = {isa = PBXBuildFile; fileRef = 040D46A7223B41C5004F102B /* Traversal.swift */; };
		040D46AA223B4422004F102B /* BinaryTraversal.swift in Sources */ = {isa = PBXBuildFile; fileRef = 040D46A9223B4422004F102B /* BinaryTraversal.swift */; };
		040D46AC223B482D004F102B /* BinaryNode.swift in Sources */ = {isa = PBXBuildFile; fileRef = 040D46AB223B482D004F102B /* BinaryNode.swift */; };
		048F98412244643F00EEA7A1 /* LinkedListChallenges.swift in Sources */ = {isa = PBXBuildFile; fileRef = 048F98402244643F00EEA7A1 /* LinkedListChallenges.swift */; };
		04989C37223BE5C700733E3B /* BinarySearchTree.swift in Sources */ = {isa = PBXBuildFile; fileRef = 04989C36223BE5C700733E3B /* BinarySearchTree.swift */; };
		04989C39223BEA7E00733E3B /* BST.swift in Sources */ = {isa = PBXBuildFile; fileRef = 04989C38223BEA7E00733E3B /* BST.swift */; };
		04A5048B223B33CC0064B6EA /* Node.swift in Sources */ = {isa = PBXBuildFile; fileRef = 04A5048A223B33CC0064B6EA /* Node.swift */; };
		04A5048D223B34820064B6EA /* LinkedList.swift in Sources */ = {isa = PBXBuildFile; fileRef = 04A5048C223B34820064B6EA /* LinkedList.swift */; };
		04EBC61C223B0D3C00CFCD03 /* AppDelegate.swift in Sources */ = {isa = PBXBuildFile; fileRef = 04EBC61B223B0D3C00CFCD03 /* AppDelegate.swift */; };
		04EBC623223B0D3D00CFCD03 /* Assets.xcassets in Resources */ = {isa = PBXBuildFile; fileRef = 04EBC622223B0D3D00CFCD03 /* Assets.xcassets */; };
		04EBC626223B0D3D00CFCD03 /* LaunchScreen.storyboard in Resources */ = {isa = PBXBuildFile; fileRef = 04EBC624223B0D3D00CFCD03 /* LaunchScreen.storyboard */; };
		04EBC631223B0D3D00CFCD03 /* D_ATests.swift in Sources */ = {isa = PBXBuildFile; fileRef = 04EBC630223B0D3D00CFCD03 /* D_ATests.swift */; };
		04EBC63D223B0DF600CFCD03 /* Stack.swift in Sources */ = {isa = PBXBuildFile; fileRef = 04EBC63C223B0DF600CFCD03 /* Stack.swift */; };
		04EBC640223B103A00CFCD03 /* Queue.swift in Sources */ = {isa = PBXBuildFile; fileRef = 04EBC63F223B103A00CFCD03 /* Queue.swift */; };
		04EBC642223B117E00CFCD03 /* QueueArray.swift in Sources */ = {isa = PBXBuildFile; fileRef = 04EBC641223B117E00CFCD03 /* QueueArray.swift */; };
		04EBC644223B122C00CFCD03 /* StackArray.swift in Sources */ = {isa = PBXBuildFile; fileRef = 04EBC643223B122C00CFCD03 /* StackArray.swift */; };
/* End PBXBuildFile section */

/* Begin PBXContainerItemProxy section */
		04EBC62D223B0D3D00CFCD03 /* PBXContainerItemProxy */ = {
			isa = PBXContainerItemProxy;
			containerPortal = 04EBC610223B0D3C00CFCD03 /* Project object */;
			proxyType = 1;
			remoteGlobalIDString = 04EBC617223B0D3C00CFCD03;
			remoteInfo = "D&A";
		};
/* End PBXContainerItemProxy section */

/* Begin PBXFileReference section */
		040D46A5223B3F8C004F102B /* TreeNode.swift */ = {isa = PBXFileReference; lastKnownFileType = sourcecode.swift; path = TreeNode.swift; sourceTree = "<group>"; };
		040D46A7223B41C5004F102B /* Traversal.swift */ = {isa = PBXFileReference; lastKnownFileType = sourcecode.swift; path = Traversal.swift; sourceTree = "<group>"; };
		040D46A9223B4422004F102B /* BinaryTraversal.swift */ = {isa = PBXFileReference; lastKnownFileType = sourcecode.swift; path = BinaryTraversal.swift; sourceTree = "<group>"; };
		040D46AB223B482D004F102B /* BinaryNode.swift */ = {isa = PBXFileReference; lastKnownFileType = sourcecode.swift; path = BinaryNode.swift; sourceTree = "<group>"; };
		048F98402244643F00EEA7A1 /* LinkedListChallenges.swift */ = {isa = PBXFileReference; lastKnownFileType = sourcecode.swift; path = LinkedListChallenges.swift; sourceTree = "<group>"; };
		04989C36223BE5C700733E3B /* BinarySearchTree.swift */ = {isa = PBXFileReference; lastKnownFileType = sourcecode.swift; path = BinarySearchTree.swift; sourceTree = "<group>"; };
		04989C38223BEA7E00733E3B /* BST.swift */ = {isa = PBXFileReference; lastKnownFileType = sourcecode.swift; path = BST.swift; sourceTree = "<group>"; };
		04A5048A223B33CC0064B6EA /* Node.swift */ = {isa = PBXFileReference; lastKnownFileType = sourcecode.swift; path = Node.swift; sourceTree = "<group>"; };
		04A5048C223B34820064B6EA /* LinkedList.swift */ = {isa = PBXFileReference; lastKnownFileType = sourcecode.swift; path = LinkedList.swift; sourceTree = "<group>"; };
		04EBC618223B0D3C00CFCD03 /* D&A.app */ = {isa = PBXFileReference; explicitFileType = wrapper.application; includeInIndex = 0; path = "D&A.app"; sourceTree = BUILT_PRODUCTS_DIR; };
		04EBC61B223B0D3C00CFCD03 /* AppDelegate.swift */ = {isa = PBXFileReference; lastKnownFileType = sourcecode.swift; path = AppDelegate.swift; sourceTree = "<group>"; };
		04EBC622223B0D3D00CFCD03 /* Assets.xcassets */ = {isa = PBXFileReference; lastKnownFileType = folder.assetcatalog; path = Assets.xcassets; sourceTree = "<group>"; };
		04EBC625223B0D3D00CFCD03 /* Base */ = {isa = PBXFileReference; lastKnownFileType = file.storyboard; name = Base; path = Base.lproj/LaunchScreen.storyboard; sourceTree = "<group>"; };
		04EBC627223B0D3D00CFCD03 /* Info.plist */ = {isa = PBXFileReference; lastKnownFileType = text.plist.xml; path = Info.plist; sourceTree = "<group>"; };
		04EBC62C223B0D3D00CFCD03 /* D&ATests.xctest */ = {isa = PBXFileReference; explicitFileType = wrapper.cfbundle; includeInIndex = 0; path = "D&ATests.xctest"; sourceTree = BUILT_PRODUCTS_DIR; };
		04EBC630223B0D3D00CFCD03 /* D_ATests.swift */ = {isa = PBXFileReference; lastKnownFileType = sourcecode.swift; path = D_ATests.swift; sourceTree = "<group>"; };
		04EBC632223B0D3D00CFCD03 /* Info.plist */ = {isa = PBXFileReference; lastKnownFileType = text.plist.xml; path = Info.plist; sourceTree = "<group>"; };
		04EBC63C223B0DF600CFCD03 /* Stack.swift */ = {isa = PBXFileReference; lastKnownFileType = sourcecode.swift; path = Stack.swift; sourceTree = "<group>"; };
		04EBC63F223B103A00CFCD03 /* Queue.swift */ = {isa = PBXFileReference; lastKnownFileType = sourcecode.swift; path = Queue.swift; sourceTree = "<group>"; };
		04EBC641223B117E00CFCD03 /* QueueArray.swift */ = {isa = PBXFileReference; lastKnownFileType = sourcecode.swift; path = QueueArray.swift; sourceTree = "<group>"; };
		04EBC643223B122C00CFCD03 /* StackArray.swift */ = {isa = PBXFileReference; lastKnownFileType = sourcecode.swift; path = StackArray.swift; sourceTree = "<group>"; };
/* End PBXFileReference section */

/* Begin PBXFrameworksBuildPhase section */
		04EBC615223B0D3C00CFCD03 /* Frameworks */ = {
			isa = PBXFrameworksBuildPhase;
			buildActionMask = 2147483647;
			files = (
			);
			runOnlyForDeploymentPostprocessing = 0;
		};
		04EBC629223B0D3D00CFCD03 /* Frameworks */ = {
			isa = PBXFrameworksBuildPhase;
			buildActionMask = 2147483647;
			files = (
			);
			runOnlyForDeploymentPostprocessing = 0;
		};
/* End PBXFrameworksBuildPhase section */

/* Begin PBXGroup section */
		040D46A4223B3F84004F102B /* Tree */ = {
			isa = PBXGroup;
			children = (
				040D46A5223B3F8C004F102B /* TreeNode.swift */,
				040D46AB223B482D004F102B /* BinaryNode.swift */,
				04989C36223BE5C700733E3B /* BinarySearchTree.swift */,
				040D46A7223B41C5004F102B /* Traversal.swift */,
				040D46A9223B4422004F102B /* BinaryTraversal.swift */,
				04989C38223BEA7E00733E3B /* BST.swift */,
			);
			path = Tree;
			sourceTree = "<group>";
		};
		04A50489223B33AF0064B6EA /* LinkedList */ = {
			isa = PBXGroup;
			children = (
				04A5048A223B33CC0064B6EA /* Node.swift */,
				04A5048C223B34820064B6EA /* LinkedList.swift */,
				048F98402244643F00EEA7A1 /* LinkedListChallenges.swift */,
			);
			path = LinkedList;
			sourceTree = "<group>";
		};
		04EBC60F223B0D3C00CFCD03 = {
			isa = PBXGroup;
			children = (
				04EBC61A223B0D3C00CFCD03 /* D&A */,
				04EBC62F223B0D3D00CFCD03 /* D&ATests */,
				04EBC619223B0D3C00CFCD03 /* Products */,
			);
			sourceTree = "<group>";
		};
		04EBC619223B0D3C00CFCD03 /* Products */ = {
			isa = PBXGroup;
			children = (
				04EBC618223B0D3C00CFCD03 /* D&A.app */,
				04EBC62C223B0D3D00CFCD03 /* D&ATests.xctest */,
			);
			name = Products;
			sourceTree = "<group>";
		};
		04EBC61A223B0D3C00CFCD03 /* D&A */ = {
			isa = PBXGroup;
			children = (
				04EBC61B223B0D3C00CFCD03 /* AppDelegate.swift */,
				040D46A4223B3F84004F102B /* Tree */,
				04A50489223B33AF0064B6EA /* LinkedList */,
				04EBC63E223B103300CFCD03 /* Queue */,
				04EBC63B223B0DE900CFCD03 /* Stack */,
				04EBC622223B0D3D00CFCD03 /* Assets.xcassets */,
				04EBC624223B0D3D00CFCD03 /* LaunchScreen.storyboard */,
				04EBC627223B0D3D00CFCD03 /* Info.plist */,
			);
			path = "D&A";
			sourceTree = "<group>";
		};
		04EBC62F223B0D3D00CFCD03 /* D&ATests */ = {
			isa = PBXGroup;
			children = (
				04EBC630223B0D3D00CFCD03 /* D_ATests.swift */,
				04EBC632223B0D3D00CFCD03 /* Info.plist */,
			);
			path = "D&ATests";
			sourceTree = "<group>";
		};
		04EBC63B223B0DE900CFCD03 /* Stack */ = {
			isa = PBXGroup;
			children = (
				04EBC63C223B0DF600CFCD03 /* Stack.swift */,
				04EBC643223B122C00CFCD03 /* StackArray.swift */,
			);
			path = Stack;
			sourceTree = "<group>";
		};
		04EBC63E223B103300CFCD03 /* Queue */ = {
			isa = PBXGroup;
			children = (
				04EBC63F223B103A00CFCD03 /* Queue.swift */,
				04EBC641223B117E00CFCD03 /* QueueArray.swift */,
			);
			path = Queue;
			sourceTree = "<group>";
		};
/* End PBXGroup section */

/* Begin PBXNativeTarget section */
		04EBC617223B0D3C00CFCD03 /* D&A */ = {
			isa = PBXNativeTarget;
			buildConfigurationList = 04EBC635223B0D3D00CFCD03 /* Build configuration list for PBXNativeTarget "D&A" */;
			buildPhases = (
				04EBC614223B0D3C00CFCD03 /* Sources */,
				04EBC615223B0D3C00CFCD03 /* Frameworks */,
				04EBC616223B0D3C00CFCD03 /* Resources */,
			);
			buildRules = (
			);
			dependencies = (
			);
			name = "D&A";
			productName = "D&A";
			productReference = 04EBC618223B0D3C00CFCD03 /* D&A.app */;
			productType = "com.apple.product-type.application";
		};
		04EBC62B223B0D3D00CFCD03 /* D&ATests */ = {
			isa = PBXNativeTarget;
			buildConfigurationList = 04EBC638223B0D3D00CFCD03 /* Build configuration list for PBXNativeTarget "D&ATests" */;
			buildPhases = (
				04EBC628223B0D3D00CFCD03 /* Sources */,
				04EBC629223B0D3D00CFCD03 /* Frameworks */,
				04EBC62A223B0D3D00CFCD03 /* Resources */,
			);
			buildRules = (
			);
			dependencies = (
				04EBC62E223B0D3D00CFCD03 /* PBXTargetDependency */,
			);
			name = "D&ATests";
			productName = "D&ATests";
			productReference = 04EBC62C223B0D3D00CFCD03 /* D&ATests.xctest */;
			productType = "com.apple.product-type.bundle.unit-test";
		};
/* End PBXNativeTarget section */

/* Begin PBXProject section */
		04EBC610223B0D3C00CFCD03 /* Project object */ = {
			isa = PBXProject;
			attributes = {
				LastSwiftUpdateCheck = 1010;
				LastUpgradeCheck = 1010;
				ORGANIZATIONNAME = "Wei-Lun Su";
				TargetAttributes = {
					04EBC617223B0D3C00CFCD03 = {
						CreatedOnToolsVersion = 10.1;
					};
					04EBC62B223B0D3D00CFCD03 = {
						CreatedOnToolsVersion = 10.1;
						TestTargetID = 04EBC617223B0D3C00CFCD03;
					};
				};
			};
			buildConfigurationList = 04EBC613223B0D3C00CFCD03 /* Build configuration list for PBXProject "D&A" */;
			compatibilityVersion = "Xcode 9.3";
			developmentRegion = en;
			hasScannedForEncodings = 0;
			knownRegions = (
				en,
				Base,
			);
			mainGroup = 04EBC60F223B0D3C00CFCD03;
			productRefGroup = 04EBC619223B0D3C00CFCD03 /* Products */;
			projectDirPath = "";
			projectRoot = "";
			targets = (
				04EBC617223B0D3C00CFCD03 /* D&A */,
				04EBC62B223B0D3D00CFCD03 /* D&ATests */,
			);
		};
/* End PBXProject section */

/* Begin PBXResourcesBuildPhase section */
		04EBC616223B0D3C00CFCD03 /* Resources */ = {
			isa = PBXResourcesBuildPhase;
			buildActionMask = 2147483647;
			files = (
				04EBC626223B0D3D00CFCD03 /* LaunchScreen.storyboard in Resources */,
				04EBC623223B0D3D00CFCD03 /* Assets.xcassets in Resources */,
			);
			runOnlyForDeploymentPostprocessing = 0;
		};
		04EBC62A223B0D3D00CFCD03 /* Resources */ = {
			isa = PBXResourcesBuildPhase;
			buildActionMask = 2147483647;
			files = (
			);
			runOnlyForDeploymentPostprocessing = 0;
		};
/* End PBXResourcesBuildPhase section */

/* Begin PBXSourcesBuildPhase section */
		04EBC614223B0D3C00CFCD03 /* Sources */ = {
			isa = PBXSourcesBuildPhase;
			buildActionMask = 2147483647;
			files = (
				04A5048B223B33CC0064B6EA /* Node.swift in Sources */,
				04EBC63D223B0DF600CFCD03 /* Stack.swift in Sources */,
				040D46A8223B41C5004F102B /* Traversal.swift in Sources */,
				04EBC640223B103A00CFCD03 /* Queue.swift in Sources */,
				048F98412244643F00EEA7A1 /* LinkedListChallenges.swift in Sources */,
				04EBC61C223B0D3C00CFCD03 /* AppDelegate.swift in Sources */,
				04989C39223BEA7E00733E3B /* BST.swift in Sources */,
				04EBC642223B117E00CFCD03 /* QueueArray.swift in Sources */,
				040D46A6223B3F8C004F102B /* TreeNode.swift in Sources */,
				040D46AC223B482D004F102B /* BinaryNode.swift in Sources */,
				04989C37223BE5C700733E3B /* BinarySearchTree.swift in Sources */,
				04EBC644223B122C00CFCD03 /* StackArray.swift in Sources */,
				04A5048D223B34820064B6EA /* LinkedList.swift in Sources */,
				040D46AA223B4422004F102B /* BinaryTraversal.swift in Sources */,
			);
			runOnlyForDeploymentPostprocessing = 0;
		};
		04EBC628223B0D3D00CFCD03 /* Sources */ = {
			isa = PBXSourcesBuildPhase;
			buildActionMask = 2147483647;
			files = (
				04EBC631223B0D3D00CFCD03 /* D_ATests.swift in Sources */,
			);
			runOnlyForDeploymentPostprocessing = 0;
		};
/* End PBXSourcesBuildPhase section */

/* Begin PBXTargetDependency section */
		04EBC62E223B0D3D00CFCD03 /* PBXTargetDependency */ = {
			isa = PBXTargetDependency;
			target = 04EBC617223B0D3C00CFCD03 /* D&A */;
			targetProxy = 04EBC62D223B0D3D00CFCD03 /* PBXContainerItemProxy */;
		};
/* End PBXTargetDependency section */

/* Begin PBXVariantGroup section */
		04EBC624223B0D3D00CFCD03 /* LaunchScreen.storyboard */ = {
			isa = PBXVariantGroup;
			children = (
				04EBC625223B0D3D00CFCD03 /* Base */,
			);
			name = LaunchScreen.storyboard;
			sourceTree = "<group>";
		};
/* End PBXVariantGroup section */

/* Begin XCBuildConfiguration section */
		04EBC633223B0D3D00CFCD03 /* Debug */ = {
			isa = XCBuildConfiguration;
			buildSettings = {
				ALWAYS_SEARCH_USER_PATHS = NO;
				CLANG_ANALYZER_NONNULL = YES;
				CLANG_ANALYZER_NUMBER_OBJECT_CONVERSION = YES_AGGRESSIVE;
				CLANG_CXX_LANGUAGE_STANDARD = "gnu++14";
				CLANG_CXX_LIBRARY = "libc++";
				CLANG_ENABLE_MODULES = YES;
				CLANG_ENABLE_OBJC_ARC = YES;
				CLANG_ENABLE_OBJC_WEAK = YES;
				CLANG_WARN_BLOCK_CAPTURE_AUTORELEASING = YES;
				CLANG_WARN_BOOL_CONVERSION = YES;
				CLANG_WARN_COMMA = YES;
				CLANG_WARN_CONSTANT_CONVERSION = YES;
				CLANG_WARN_DEPRECATED_OBJC_IMPLEMENTATIONS = YES;
				CLANG_WARN_DIRECT_OBJC_ISA_USAGE = YES_ERROR;
				CLANG_WARN_DOCUMENTATION_COMMENTS = YES;
				CLANG_WARN_EMPTY_BODY = YES;
				CLANG_WARN_ENUM_CONVERSION = YES;
				CLANG_WARN_INFINITE_RECURSION = YES;
				CLANG_WARN_INT_CONVERSION = YES;
				CLANG_WARN_NON_LITERAL_NULL_CONVERSION = YES;
				CLANG_WARN_OBJC_IMPLICIT_RETAIN_SELF = YES;
				CLANG_WARN_OBJC_LITERAL_CONVERSION = YES;
				CLANG_WARN_OBJC_ROOT_CLASS = YES_ERROR;
				CLANG_WARN_RANGE_LOOP_ANALYSIS = YES;
				CLANG_WARN_STRICT_PROTOTYPES = YES;
				CLANG_WARN_SUSPICIOUS_MOVE = YES;
				CLANG_WARN_UNGUARDED_AVAILABILITY = YES_AGGRESSIVE;
				CLANG_WARN_UNREACHABLE_CODE = YES;
				CLANG_WARN__DUPLICATE_METHOD_MATCH = YES;
				CODE_SIGN_IDENTITY = "iPhone Developer";
				COPY_PHASE_STRIP = NO;
				DEBUG_INFORMATION_FORMAT = dwarf;
				ENABLE_STRICT_OBJC_MSGSEND = YES;
				ENABLE_TESTABILITY = YES;
				GCC_C_LANGUAGE_STANDARD = gnu11;
				GCC_DYNAMIC_NO_PIC = NO;
				GCC_NO_COMMON_BLOCKS = YES;
				GCC_OPTIMIZATION_LEVEL = 0;
				GCC_PREPROCESSOR_DEFINITIONS = (
					"DEBUG=1",
					"$(inherited)",
				);
				GCC_WARN_64_TO_32_BIT_CONVERSION = YES;
				GCC_WARN_ABOUT_RETURN_TYPE = YES_ERROR;
				GCC_WARN_UNDECLARED_SELECTOR = YES;
				GCC_WARN_UNINITIALIZED_AUTOS = YES_AGGRESSIVE;
				GCC_WARN_UNUSED_FUNCTION = YES;
				GCC_WARN_UNUSED_VARIABLE = YES;
				IPHONEOS_DEPLOYMENT_TARGET = 12.1;
				MTL_ENABLE_DEBUG_INFO = INCLUDE_SOURCE;
				MTL_FAST_MATH = YES;
				ONLY_ACTIVE_ARCH = YES;
				SDKROOT = iphoneos;
				SWIFT_ACTIVE_COMPILATION_CONDITIONS = DEBUG;
				SWIFT_OPTIMIZATION_LEVEL = "-Onone";
			};
			name = Debug;
		};
		04EBC634223B0D3D00CFCD03 /* Release */ = {
			isa = XCBuildConfiguration;
			buildSettings = {
				ALWAYS_SEARCH_USER_PATHS = NO;
				CLANG_ANALYZER_NONNULL = YES;
				CLANG_ANALYZER_NUMBER_OBJECT_CONVERSION = YES_AGGRESSIVE;
				CLANG_CXX_LANGUAGE_STANDARD = "gnu++14";
				CLANG_CXX_LIBRARY = "libc++";
				CLANG_ENABLE_MODULES = YES;
				CLANG_ENABLE_OBJC_ARC = YES;
				CLANG_ENABLE_OBJC_WEAK = YES;
				CLANG_WARN_BLOCK_CAPTURE_AUTORELEASING = YES;
				CLANG_WARN_BOOL_CONVERSION = YES;
				CLANG_WARN_COMMA = YES;
				CLANG_WARN_CONSTANT_CONVERSION = YES;
				CLANG_WARN_DEPRECATED_OBJC_IMPLEMENTATIONS = YES;
				CLANG_WARN_DIRECT_OBJC_ISA_USAGE = YES_ERROR;
				CLANG_WARN_DOCUMENTATION_COMMENTS = YES;
				CLANG_WARN_EMPTY_BODY = YES;
				CLANG_WARN_ENUM_CONVERSION = YES;
				CLANG_WARN_INFINITE_RECURSION = YES;
				CLANG_WARN_INT_CONVERSION = YES;
				CLANG_WARN_NON_LITERAL_NULL_CONVERSION = YES;
				CLANG_WARN_OBJC_IMPLICIT_RETAIN_SELF = YES;
				CLANG_WARN_OBJC_LITERAL_CONVERSION = YES;
				CLANG_WARN_OBJC_ROOT_CLASS = YES_ERROR;
				CLANG_WARN_RANGE_LOOP_ANALYSIS = YES;
				CLANG_WARN_STRICT_PROTOTYPES = YES;
				CLANG_WARN_SUSPICIOUS_MOVE = YES;
				CLANG_WARN_UNGUARDED_AVAILABILITY = YES_AGGRESSIVE;
				CLANG_WARN_UNREACHABLE_CODE = YES;
				CLANG_WARN__DUPLICATE_METHOD_MATCH = YES;
				CODE_SIGN_IDENTITY = "iPhone Developer";
				COPY_PHASE_STRIP = NO;
				DEBUG_INFORMATION_FORMAT = "dwarf-with-dsym";
				ENABLE_NS_ASSERTIONS = NO;
				ENABLE_STRICT_OBJC_MSGSEND = YES;
				GCC_C_LANGUAGE_STANDARD = gnu11;
				GCC_NO_COMMON_BLOCKS = YES;
				GCC_WARN_64_TO_32_BIT_CONVERSION = YES;
				GCC_WARN_ABOUT_RETURN_TYPE = YES_ERROR;
				GCC_WARN_UNDECLARED_SELECTOR = YES;
				GCC_WARN_UNINITIALIZED_AUTOS = YES_AGGRESSIVE;
				GCC_WARN_UNUSED_FUNCTION = YES;
				GCC_WARN_UNUSED_VARIABLE = YES;
				IPHONEOS_DEPLOYMENT_TARGET = 12.1;
				MTL_ENABLE_DEBUG_INFO = NO;
				MTL_FAST_MATH = YES;
				SDKROOT = iphoneos;
				SWIFT_COMPILATION_MODE = wholemodule;
				SWIFT_OPTIMIZATION_LEVEL = "-O";
				VALIDATE_PRODUCT = YES;
			};
			name = Release;
		};
		04EBC636223B0D3D00CFCD03 /* Debug */ = {
			isa = XCBuildConfiguration;
			buildSettings = {
				ASSETCATALOG_COMPILER_APPICON_NAME = AppIcon;
				CODE_SIGN_STYLE = Automatic;
				DEVELOPMENT_TEAM = H5VQ968J7G;
				INFOPLIST_FILE = "D&A/Info.plist";
				LD_RUNPATH_SEARCH_PATHS = (
					"$(inherited)",
					"@executable_path/Frameworks",
				);
				PRODUCT_BUNDLE_IDENTIFIER = "com.weilunsu.D-A";
				PRODUCT_NAME = "$(TARGET_NAME)";
				SWIFT_VERSION = 4.2;
				TARGETED_DEVICE_FAMILY = "1,2";
			};
			name = Debug;
		};
		04EBC637223B0D3D00CFCD03 /* Release */ = {
			isa = XCBuildConfiguration;
			buildSettings = {
				ASSETCATALOG_COMPILER_APPICON_NAME = AppIcon;
				CODE_SIGN_STYLE = Automatic;
				DEVELOPMENT_TEAM = H5VQ968J7G;
				INFOPLIST_FILE = "D&A/Info.plist";
				LD_RUNPATH_SEARCH_PATHS = (
					"$(inherited)",
					"@executable_path/Frameworks",
				);
				PRODUCT_BUNDLE_IDENTIFIER = "com.weilunsu.D-A";
				PRODUCT_NAME = "$(TARGET_NAME)";
				SWIFT_VERSION = 4.2;
				TARGETED_DEVICE_FAMILY = "1,2";
			};
			name = Release;
		};
		04EBC639223B0D3D00CFCD03 /* Debug */ = {
			isa = XCBuildConfiguration;
			buildSettings = {
				ALWAYS_EMBED_SWIFT_STANDARD_LIBRARIES = YES;
				BUNDLE_LOADER = "$(TEST_HOST)";
				CODE_SIGN_STYLE = Automatic;
				DEVELOPMENT_TEAM = H5VQ968J7G;
				INFOPLIST_FILE = "D&ATests/Info.plist";
				LD_RUNPATH_SEARCH_PATHS = (
					"$(inherited)",
					"@executable_path/Frameworks",
					"@loader_path/Frameworks",
				);
				PRODUCT_BUNDLE_IDENTIFIER = "com.weilunsu.D-ATests";
				PRODUCT_NAME = "$(TARGET_NAME)";
				SWIFT_VERSION = 4.2;
				TARGETED_DEVICE_FAMILY = "1,2";
				TEST_HOST = "$(BUILT_PRODUCTS_DIR)/D&A.app/D&A";
			};
			name = Debug;
		};
		04EBC63A223B0D3D00CFCD03 /* Release */ = {
			isa = XCBuildConfiguration;
			buildSettings = {
				ALWAYS_EMBED_SWIFT_STANDARD_LIBRARIES = YES;
				BUNDLE_LOADER = "$(TEST_HOST)";
				CODE_SIGN_STYLE = Automatic;
				DEVELOPMENT_TEAM = H5VQ968J7G;
				INFOPLIST_FILE = "D&ATests/Info.plist";
				LD_RUNPATH_SEARCH_PATHS = (
					"$(inherited)",
					"@executable_path/Frameworks",
					"@loader_path/Frameworks",
				);
				PRODUCT_BUNDLE_IDENTIFIER = "com.weilunsu.D-ATests";
				PRODUCT_NAME = "$(TARGET_NAME)";
				SWIFT_VERSION = 4.2;
				TARGETED_DEVICE_FAMILY = "1,2";
				TEST_HOST = "$(BUILT_PRODUCTS_DIR)/D&A.app/D&A";
			};
			name = Release;
		};
/* End XCBuildConfiguration section */

/* Begin XCConfigurationList section */
		04EBC613223B0D3C00CFCD03 /* Build configuration list for PBXProject "D&A" */ = {
			isa = XCConfigurationList;
			buildConfigurations = (
				04EBC633223B0D3D00CFCD03 /* Debug */,
				04EBC634223B0D3D00CFCD03 /* Release */,
			);
			defaultConfigurationIsVisible = 0;
			defaultConfigurationName = Release;
		};
		04EBC635223B0D3D00CFCD03 /* Build configuration list for PBXNativeTarget "D&A" */ = {
			isa = XCConfigurationList;
			buildConfigurations = (
				04EBC636223B0D3D00CFCD03 /* Debug */,
				04EBC637223B0D3D00CFCD03 /* Release */,
			);
			defaultConfigurationIsVisible = 0;
			defaultConfigurationName = Release;
		};
		04EBC638223B0D3D00CFCD03 /* Build configuration list for PBXNativeTarget "D&ATests" */ = {
			isa = XCConfigurationList;
			buildConfigurations = (
				04EBC639223B0D3D00CFCD03 /* Debug */,
				04EBC63A223B0D3D00CFCD03 /* Release */,
			);
			defaultConfigurationIsVisible = 0;
			defaultConfigurationName = Release;
		};
/* End XCConfigurationList section */
	};
	rootObject = 04EBC610223B0D3C00CFCD03 /* Project object */;
}
